{
  "version": 2,
  "dependencies": {
    "net9.0": {
      "Bluehill.Imports": {
        "type": "Direct",
        "requested": "[1.0.11, )",
        "resolved": "1.0.11",
        "contentHash": "fh54FR1Ax9eC87diV3EDtptWeIvQittYEzoleVx69jPHvgpVngHh6nMPxuubiCc8SFW5bdpg1zzOHQue2Gg0kg==",
        "dependencies": {
          "Bluehill.Analyzers": "1.4.0",
          "Roslynator.Analyzers": "4.12.10",
          "Roslynator.Formatting.Analyzers": "4.12.10"
        }
      },
      "Bluehill.Analyzers": {
        "type": "Transitive",
        "resolved": "1.4.0",
        "contentHash": "uo+9s0ex8bP1QmdPiQKgliiznkbteqM+XWBGFDexNsOaDEQ+YT9GhGCn5qvfr2c5xLscop6kgPBZGSROeG3Xcw=="
      },
      "Roslynator.Analyzers": {
        "type": "Transitive",
        "resolved": "4.12.10",
        "contentHash": "Wecq3nfhTvnJPxX87hKbjMdX1xeCAMJf9rdBX3nQLTntQs9v0fFbUB2eQSSOArXMuFh7MxjLWaL4+b6XMi1NDA=="
      },
      "Roslynator.Formatting.Analyzers": {
        "type": "Transitive",
        "resolved": "4.12.10",
        "contentHash": "Yz0OhQtuECTPBMoURxcv1XKgquVpUcUOpRGac8tormJSJzbMYK8qvVSvjIvQkQOrfYPLFa8aak5200BEAq/X9Q=="
      }
    }
  }
}